
Microsoft Visual Studio Solution File, Format Version 12.00
# Visual Studio 15
Project("{FAE04EC0-301F-11D3-BF4B-00C04F79EFBC}") = "Beat Em Up Tutorial", "Beat Em Up Tutorial.csproj", "{8A50E1AB-662A-D600-DF5D-36E23F796AB5}"
EndProject
Global
	GlobalSection(SolutionConfigurationPlatforms) = preSolution
		Debug|Any CPU = Debug|Any CPU
		Release|Any CPU = Release|Any CPU
	EndGlobalSection
	GlobalSection(ProjectConfigurationPlatforms) = postSolution
		{8A50E1AB-662A-D600-DF5D-36E23F796AB5}.Debug|Any CPU.ActiveCfg = Debug|Any CPU
		{8A50E1AB-662A-D600-DF5D-36E23F796AB5}.Debug|Any CPU.Build.0 = Debug|Any CPU
		{8A50E1AB-662A-D600-DF5D-36E23F796AB5}.Release|Any CPU.ActiveCfg = Release|Any CPU
		{8A50E1AB-662A-D600-DF5D-36E23F796AB5}.Release|Any CPU.Build.0 = Release|Any CPU
	EndGlobalSection
	GlobalSection(SolutionProperties) = preSolution
		HideSolutionNode = FALSE
	EndGlobalSection
EndGlobal
